
Microsoft Visual Studio Solution File, Format Version 12.00
# Visual Studio Version 17
VisualStudioVersion = 17.14.36121.58 d17.14
MinimumVisualStudioVersion = 10.0.40219.1
Project("{FAE04EC0-301F-11D3-BF4B-00C04F79EFBC}") = "Symetric", "Symetric\Symetric.csproj", "{327140EF-0E3C-438B-9B2E-C2D82B21547D}"
EndProject
Global
	GlobalSection(SolutionConfigurationPlatforms) = preSolution
		Debug|Any CPU = Debug|Any CPU
		Release|Any CPU = Release|Any CPU
	EndGlobalSection
	GlobalSection(ProjectConfigurationPlatforms) = postSolution
		{327140EF-0E3C-438B-9B2E-C2D82B21547D}.Debug|Any CPU.ActiveCfg = Debug|Any CPU
		{327140EF-0E3C-438B-9B2E-C2D82B21547D}.Debug|Any CPU.Build.0 = Debug|Any CPU
		{327140EF-0E3C-438B-9B2E-C2D82B21547D}.Release|Any CPU.ActiveCfg = Release|Any CPU
		{327140EF-0E3C-438B-9B2E-C2D82B21547D}.Release|Any CPU.Build.0 = Release|Any CPU
	EndGlobalSection
	GlobalSection(SolutionProperties) = preSolution
		HideSolutionNode = FALSE
	EndGlobalSection
	GlobalSection(ExtensibilityGlobals) = postSolution
		SolutionGuid = {39126BEC-9158-4C26-B3BE-AAFFDFAB6489}
	EndGlobalSection
EndGlobal
